{
  "name": "simplix",
  "version": "1.0.0",
  "lockfileVersion": 3,
  "requires": true,
  "packages": {
    "": {
      "name": "simplix",
      "version": "1.0.0",
      "license": "ISC",
      "dependencies": {
        "http-builder": "git@github.com:pupCrypto/http-builder.git"
      }
    },
    "node_modules/http-builder": {
      "version": "1.0.0",
      "resolved": "git+ssh://git@github.com/pupCrypto/http-builder.git#3ccc84354a8d3854548d835ade2a1663614f1e0c"
    }
  }
}
