{
  "name": "simplix",
  "version": "1.0.0",
  "lockfileVersion": 3,
  "requires": true,
  "packages": {
    "": {
      "name": "simplix",
      "version": "1.0.0",
      "license": "ISC",
      "dependencies": {
        "http-builder": "git@github.com:pupCrypto/http-builder.git"
      }
    },
    "node_modules/http-builder": {
      "version": "1.0.0",
      "resolved": "git+ssh://git@github.com/pupCrypto/http-builder.git#65323d08ca07dee314b5958a2e2623cef76e92fb",
      "license": "ISC"
    }
  }
}
